
Microsoft Visual Studio Solution File, Format Version 12.00
# Visual Studio Version 17
VisualStudioVersion = 17.0.31903.59
MinimumVisualStudioVersion = 10.0.40219.1
Project("{2150E333-8FDC-42A3-9474-1A3956D46DE8}") = "DynamoDb", "DynamoDb", "{3A1A9926-E47C-49B7-A373-77AD9F8267E7}"
	ProjectSection(SolutionItems) = preProject
		dynamodb\README.md = dynamodb\README.md
	EndProjectSection
EndProject
Project("{2150E333-8FDC-42A3-9474-1A3956D46DE8}") = "infra", "infra", "{F899533F-4062-45B9-AED2-876CFF42C9C5}"
	ProjectSection(SolutionItems) = preProject
		dynamodb\infra\config.tf = dynamodb\infra\config.tf
		dynamodb\infra\main.tf = dynamodb\infra\main.tf
	EndProjectSection
EndProject
Project("{2150E333-8FDC-42A3-9474-1A3956D46DE8}") = "payloads", "payloads", "{8B576A82-565E-42EB-B859-2B0226EC32D1}"
	ProjectSection(SolutionItems) = preProject
		dynamodb\payloads\put-01-header.json = dynamodb\payloads\put-01-header.json
		dynamodb\payloads\put-01-items.json = dynamodb\payloads\put-01-items.json
		dynamodb\payloads\put-02-header.json = dynamodb\payloads\put-02-header.json
		dynamodb\payloads\put-02-items.json = dynamodb\payloads\put-02-items.json
	EndProjectSection
EndProject
Project("{2150E333-8FDC-42A3-9474-1A3956D46DE8}") = "Solution Items", "Solution Items", "{A3C66DD4-AF7C-477E-BB7C-6A4A6D254E85}"
	ProjectSection(SolutionItems) = preProject
		.gitignore = .gitignore
		README.md = README.md
	EndProjectSection
EndProject
Project("{2150E333-8FDC-42A3-9474-1A3956D46DE8}") = "Lambda", "Lambda", "{7E430694-CAC8-4E7B-AEE9-20BD99427806}"
EndProject
Project("{2150E333-8FDC-42A3-9474-1A3956D46DE8}") = "src", "src", "{C1F90A39-C011-4858-B203-E2B518ABE367}"
EndProject
Project("{9A19103F-16F7-4668-BE54-9A1E7A4F7556}") = "SimpleFunctionJit", "services\lambda\src\simple-function-jit\SimpleFunctionJit.csproj", "{398DE916-32E5-43E0-84E3-65CC78319AFB}"
EndProject
Project("{9A19103F-16F7-4668-BE54-9A1E7A4F7556}") = "ContextDetails", "services\lambda\src\context-details\ContextDetails.csproj", "{BCDF0980-42F4-44EE-A919-AE5D78376C8C}"
EndProject
Project("{2150E333-8FDC-42A3-9474-1A3956D46DE8}") = "Services", "Services", "{8ADB1E8A-70C9-4182-9CA6-5D34038C403E}"
EndProject
Project("{9A19103F-16F7-4668-BE54-9A1E7A4F7556}") = "SimpleFunctionAot", "services\lambda\src\simple-function-aot\SimpleFunctionAot.csproj", "{15749A30-6B83-4A82-B47B-CF530A62117E}"
EndProject
Project("{9A19103F-16F7-4668-BE54-9A1E7A4F7556}") = "SimpleFunctionJitNoReflection", "services\lambda\src\simple-function-jit-no-reflection\SimpleFunctionJitNoReflection.csproj", "{94DD455F-9B83-4157-8968-37F3755C5F0C}"
EndProject
Project("{9A19103F-16F7-4668-BE54-9A1E7A4F7556}") = "Basic.Jit", "services\lambda-benchmark\src\basic-jit\Basic.Jit.csproj", "{CF060FDD-5DB6-4FC7-BD9A-83E32E0E9C15}"
EndProject
Project("{9A19103F-16F7-4668-BE54-9A1E7A4F7556}") = "Basic.Aot", "services\lambda-benchmark\src\basic-aot\Basic.Aot.csproj", "{F054D7C4-8EF1-4E64-9C8A-20D5FD0FCAEB}"
EndProject
Project("{2150E333-8FDC-42A3-9474-1A3956D46DE8}") = "lambda-benchmark", "lambda-benchmark", "{38E5D63F-E327-4A25-8D82-7113061C925F}"
EndProject
Project("{2150E333-8FDC-42A3-9474-1A3956D46DE8}") = "src", "src", "{6AE9AC11-1CFB-49AF-86CB-6D25602DE9B4}"
EndProject
Project("{9A19103F-16F7-4668-BE54-9A1E7A4F7556}") = "Geral.Jit", "services\lambda-benchmark\src\geral-jit\Geral.Jit.csproj", "{AA3FD9C4-BB5A-4DC4-8574-E1D904BDFCEB}"
EndProject
Project("{9A19103F-16F7-4668-BE54-9A1E7A4F7556}") = "Geral.Aot", "services\lambda-benchmark\src\geral-aot\Geral.Aot.csproj", "{0BE7D1A3-DDB9-4BFA-A806-C4453409061E}"
EndProject
Project("{9A19103F-16F7-4668-BE54-9A1E7A4F7556}") = "Dapper.Jit", "services\lambda-benchmark\src\dapper-jit\Dapper.Jit.csproj", "{335E36FD-9EC1-4ABD-8D9F-2587A4C65807}"
EndProject
Project("{9A19103F-16F7-4668-BE54-9A1E7A4F7556}") = "DapperAot.Aot", "services\lambda-benchmark\src\dapper_aot-aot\DapperAot.Aot.csproj", "{295FB173-EB73-4BAE-A2A6-FD5150E01457}"
EndProject
Project("{9A19103F-16F7-4668-BE54-9A1E7A4F7556}") = "DapperAot.Jit", "services\lambda-benchmark\src\dapper_aot-jit\DapperAot.Jit.csproj", "{448C0A04-483C-4FA9-8F0E-D5901F1D1AD5}"
EndProject
Project("{9A19103F-16F7-4668-BE54-9A1E7A4F7556}") = "Ef.Jit", "services\lambda-benchmark\src\ef-jit\Ef.Jit.csproj", "{4E8B7A0A-9E23-4993-A40B-35EBC4457BE0}"
EndProject
Project("{9A19103F-16F7-4668-BE54-9A1E7A4F7556}") = "Ef.Aot", "services\lambda-benchmark\src\ef-aot\Ef.Aot.csproj", "{20D9CD00-D9E6-4005-B702-866E0381D3A2}"
EndProject
Project("{9A19103F-16F7-4668-BE54-9A1E7A4F7556}") = "Refit.Jit", "services\lambda-benchmark\src\refit-jit\Refit.Jit.csproj", "{35D17634-99DF-4CB1-A1CA-458AD338F1B0}"
EndProject
Project("{9A19103F-16F7-4668-BE54-9A1E7A4F7556}") = "Refit.Aot", "services\lambda-benchmark\src\refit-aot\Refit.Aot.csproj", "{6A291733-DFF6-48AF-A73C-F5E3F3682634}"
EndProject
Project("{9A19103F-16F7-4668-BE54-9A1E7A4F7556}") = "Npgsql.Jit", "services\lambda-benchmark\src\npgsql-jit\Npgsql.Jit.csproj", "{75ECE9C0-CB88-4C6B-9DB1-07F9E1260D1E}"
EndProject
Project("{9A19103F-16F7-4668-BE54-9A1E7A4F7556}") = "Npgsql.Aot", "services\lambda-benchmark\src\npgsql-aot\Npgsql.Aot.csproj", "{B829CF54-C719-4C1A-A0BF-F2933F117BAA}"
EndProject
Project("{9A19103F-16F7-4668-BE54-9A1E7A4F7556}") = "DynamoDbPlayground", "services\dynamodb\src\DynamoDbPlayground.csproj", "{2605BFF2-AB05-486E-AB09-111BF838100A}"
EndProject
Project("{2150E333-8FDC-42A3-9474-1A3956D46DE8}") = "sqs", "sqs", "{039C0EED-71A3-4D62-B546-30F725A823B6}"
	ProjectSection(SolutionItems) = preProject
		services\sqs\README.md = services\sqs\README.md
	EndProjectSection
EndProject
Project("{2150E333-8FDC-42A3-9474-1A3956D46DE8}") = "src", "src", "{E817B41E-1819-490B-A07A-98C2907EC97D}"
EndProject
Project("{9A19103F-16F7-4668-BE54-9A1E7A4F7556}") = "DlqWorkflowPlayground", "services\sqs\src\dlq-workflow\DlqWorkflowPlayground.csproj", "{0AD9217C-B684-488C-9516-63F7E6887531}"
EndProject
Project("{9A19103F-16F7-4668-BE54-9A1E7A4F7556}") = "PostgreSqlLambdaBenchmark.Jit", "services\lambda-benchmark\src\postgresql-dotnet-jit\PostgreSqlLambdaBenchmark.Jit.csproj", "{0D948B15-2931-4AE9-BB0A-22A62E022A77}"
EndProject
Project("{9A19103F-16F7-4668-BE54-9A1E7A4F7556}") = "PostgreSqlLambdaBenchmark.Aot", "services\lambda-benchmark\src\postgresql-dotnet-aot\PostgreSqlLambdaBenchmark.Aot.csproj", "{660CB344-C165-47E8-9DF1-180965F497ED}"
EndProject
Project("{2150E333-8FDC-42A3-9474-1A3956D46DE8}") = "rds", "rds", "{C2D4EC07-F4D9-4A96-A5F8-2E4F058ABEC9}"
EndProject
Project("{2150E333-8FDC-42A3-9474-1A3956D46DE8}") = "src", "src", "{4A1EC043-0056-4CC3-8EA8-16ED74486383}"
EndProject
Project("{9A19103F-16F7-4668-BE54-9A1E7A4F7556}") = "RdsBenchmark", "services\rds\src\rds-benchmark\RdsBenchmark.csproj", "{6CA2F4E0-7C53-4F24-B4DE-101CF38E58D1}"
EndProject
Project("{9A19103F-16F7-4668-BE54-9A1E7A4F7556}") = "FifoStreamingSqsPlayground", "services\sqs\src\fifo-streaming\FifoStreamingSqsPlayground.csproj", "{3C725D22-7177-4D24-9D82-084F37B7115D}"
EndProject
Project("{2150E333-8FDC-42A3-9474-1A3956D46DE8}") = "infra", "infra", "{C7FD5396-BFEA-4955-AB61-03BA2DBD8732}"
	ProjectSection(SolutionItems) = preProject
		services\sqs\infra\backend.tf = services\sqs\infra\backend.tf
		services\sqs\infra\dlq-workflow.tf = services\sqs\infra\dlq-workflow.tf
		services\sqs\infra\fifo-streaming.tf = services\sqs\infra\fifo-streaming.tf
	EndProjectSection
EndProject
Global
	GlobalSection(SolutionConfigurationPlatforms) = preSolution
		Debug|Any CPU = Debug|Any CPU
		Release|Any CPU = Release|Any CPU
	EndGlobalSection
	GlobalSection(ProjectConfigurationPlatforms) = postSolution
		{398DE916-32E5-43E0-84E3-65CC78319AFB}.Debug|Any CPU.ActiveCfg = Debug|Any CPU
		{398DE916-32E5-43E0-84E3-65CC78319AFB}.Debug|Any CPU.Build.0 = Debug|Any CPU
		{398DE916-32E5-43E0-84E3-65CC78319AFB}.Release|Any CPU.ActiveCfg = Release|Any CPU
		{398DE916-32E5-43E0-84E3-65CC78319AFB}.Release|Any CPU.Build.0 = Release|Any CPU
		{BCDF0980-42F4-44EE-A919-AE5D78376C8C}.Debug|Any CPU.ActiveCfg = Debug|Any CPU
		{BCDF0980-42F4-44EE-A919-AE5D78376C8C}.Debug|Any CPU.Build.0 = Debug|Any CPU
		{BCDF0980-42F4-44EE-A919-AE5D78376C8C}.Release|Any CPU.ActiveCfg = Release|Any CPU
		{BCDF0980-42F4-44EE-A919-AE5D78376C8C}.Release|Any CPU.Build.0 = Release|Any CPU
		{15749A30-6B83-4A82-B47B-CF530A62117E}.Debug|Any CPU.ActiveCfg = Debug|Any CPU
		{15749A30-6B83-4A82-B47B-CF530A62117E}.Debug|Any CPU.Build.0 = Debug|Any CPU
		{15749A30-6B83-4A82-B47B-CF530A62117E}.Release|Any CPU.ActiveCfg = Release|Any CPU
		{15749A30-6B83-4A82-B47B-CF530A62117E}.Release|Any CPU.Build.0 = Release|Any CPU
		{94DD455F-9B83-4157-8968-37F3755C5F0C}.Debug|Any CPU.ActiveCfg = Debug|Any CPU
		{94DD455F-9B83-4157-8968-37F3755C5F0C}.Debug|Any CPU.Build.0 = Debug|Any CPU
		{94DD455F-9B83-4157-8968-37F3755C5F0C}.Release|Any CPU.ActiveCfg = Release|Any CPU
		{94DD455F-9B83-4157-8968-37F3755C5F0C}.Release|Any CPU.Build.0 = Release|Any CPU
		{CF060FDD-5DB6-4FC7-BD9A-83E32E0E9C15}.Debug|Any CPU.ActiveCfg = Debug|Any CPU
		{CF060FDD-5DB6-4FC7-BD9A-83E32E0E9C15}.Debug|Any CPU.Build.0 = Debug|Any CPU
		{CF060FDD-5DB6-4FC7-BD9A-83E32E0E9C15}.Release|Any CPU.ActiveCfg = Release|Any CPU
		{CF060FDD-5DB6-4FC7-BD9A-83E32E0E9C15}.Release|Any CPU.Build.0 = Release|Any CPU
		{F054D7C4-8EF1-4E64-9C8A-20D5FD0FCAEB}.Debug|Any CPU.ActiveCfg = Debug|Any CPU
		{F054D7C4-8EF1-4E64-9C8A-20D5FD0FCAEB}.Debug|Any CPU.Build.0 = Debug|Any CPU
		{F054D7C4-8EF1-4E64-9C8A-20D5FD0FCAEB}.Release|Any CPU.ActiveCfg = Release|Any CPU
		{F054D7C4-8EF1-4E64-9C8A-20D5FD0FCAEB}.Release|Any CPU.Build.0 = Release|Any CPU
		{AA3FD9C4-BB5A-4DC4-8574-E1D904BDFCEB}.Debug|Any CPU.ActiveCfg = Debug|Any CPU
		{AA3FD9C4-BB5A-4DC4-8574-E1D904BDFCEB}.Debug|Any CPU.Build.0 = Debug|Any CPU
		{AA3FD9C4-BB5A-4DC4-8574-E1D904BDFCEB}.Release|Any CPU.ActiveCfg = Release|Any CPU
		{AA3FD9C4-BB5A-4DC4-8574-E1D904BDFCEB}.Release|Any CPU.Build.0 = Release|Any CPU
		{0BE7D1A3-DDB9-4BFA-A806-C4453409061E}.Debug|Any CPU.ActiveCfg = Debug|Any CPU
		{0BE7D1A3-DDB9-4BFA-A806-C4453409061E}.Debug|Any CPU.Build.0 = Debug|Any CPU
		{0BE7D1A3-DDB9-4BFA-A806-C4453409061E}.Release|Any CPU.ActiveCfg = Release|Any CPU
		{0BE7D1A3-DDB9-4BFA-A806-C4453409061E}.Release|Any CPU.Build.0 = Release|Any CPU
		{335E36FD-9EC1-4ABD-8D9F-2587A4C65807}.Debug|Any CPU.ActiveCfg = Debug|Any CPU
		{335E36FD-9EC1-4ABD-8D9F-2587A4C65807}.Debug|Any CPU.Build.0 = Debug|Any CPU
		{335E36FD-9EC1-4ABD-8D9F-2587A4C65807}.Release|Any CPU.ActiveCfg = Release|Any CPU
		{335E36FD-9EC1-4ABD-8D9F-2587A4C65807}.Release|Any CPU.Build.0 = Release|Any CPU
		{295FB173-EB73-4BAE-A2A6-FD5150E01457}.Debug|Any CPU.ActiveCfg = Debug|Any CPU
		{295FB173-EB73-4BAE-A2A6-FD5150E01457}.Debug|Any CPU.Build.0 = Debug|Any CPU
		{295FB173-EB73-4BAE-A2A6-FD5150E01457}.Release|Any CPU.ActiveCfg = Release|Any CPU
		{295FB173-EB73-4BAE-A2A6-FD5150E01457}.Release|Any CPU.Build.0 = Release|Any CPU
		{448C0A04-483C-4FA9-8F0E-D5901F1D1AD5}.Debug|Any CPU.ActiveCfg = Debug|Any CPU
		{448C0A04-483C-4FA9-8F0E-D5901F1D1AD5}.Debug|Any CPU.Build.0 = Debug|Any CPU
		{448C0A04-483C-4FA9-8F0E-D5901F1D1AD5}.Release|Any CPU.ActiveCfg = Release|Any CPU
		{448C0A04-483C-4FA9-8F0E-D5901F1D1AD5}.Release|Any CPU.Build.0 = Release|Any CPU
		{4E8B7A0A-9E23-4993-A40B-35EBC4457BE0}.Debug|Any CPU.ActiveCfg = Debug|Any CPU
		{4E8B7A0A-9E23-4993-A40B-35EBC4457BE0}.Debug|Any CPU.Build.0 = Debug|Any CPU
		{4E8B7A0A-9E23-4993-A40B-35EBC4457BE0}.Release|Any CPU.ActiveCfg = Release|Any CPU
		{4E8B7A0A-9E23-4993-A40B-35EBC4457BE0}.Release|Any CPU.Build.0 = Release|Any CPU
		{20D9CD00-D9E6-4005-B702-866E0381D3A2}.Debug|Any CPU.ActiveCfg = Debug|Any CPU
		{20D9CD00-D9E6-4005-B702-866E0381D3A2}.Debug|Any CPU.Build.0 = Debug|Any CPU
		{20D9CD00-D9E6-4005-B702-866E0381D3A2}.Release|Any CPU.ActiveCfg = Release|Any CPU
		{20D9CD00-D9E6-4005-B702-866E0381D3A2}.Release|Any CPU.Build.0 = Release|Any CPU
		{35D17634-99DF-4CB1-A1CA-458AD338F1B0}.Debug|Any CPU.ActiveCfg = Debug|Any CPU
		{35D17634-99DF-4CB1-A1CA-458AD338F1B0}.Debug|Any CPU.Build.0 = Debug|Any CPU
		{35D17634-99DF-4CB1-A1CA-458AD338F1B0}.Release|Any CPU.ActiveCfg = Release|Any CPU
		{35D17634-99DF-4CB1-A1CA-458AD338F1B0}.Release|Any CPU.Build.0 = Release|Any CPU
		{6A291733-DFF6-48AF-A73C-F5E3F3682634}.Debug|Any CPU.ActiveCfg = Debug|Any CPU
		{6A291733-DFF6-48AF-A73C-F5E3F3682634}.Debug|Any CPU.Build.0 = Debug|Any CPU
		{6A291733-DFF6-48AF-A73C-F5E3F3682634}.Release|Any CPU.ActiveCfg = Release|Any CPU
		{6A291733-DFF6-48AF-A73C-F5E3F3682634}.Release|Any CPU.Build.0 = Release|Any CPU
		{75ECE9C0-CB88-4C6B-9DB1-07F9E1260D1E}.Debug|Any CPU.ActiveCfg = Debug|Any CPU
		{75ECE9C0-CB88-4C6B-9DB1-07F9E1260D1E}.Debug|Any CPU.Build.0 = Debug|Any CPU
		{75ECE9C0-CB88-4C6B-9DB1-07F9E1260D1E}.Release|Any CPU.ActiveCfg = Release|Any CPU
		{75ECE9C0-CB88-4C6B-9DB1-07F9E1260D1E}.Release|Any CPU.Build.0 = Release|Any CPU
		{B829CF54-C719-4C1A-A0BF-F2933F117BAA}.Debug|Any CPU.ActiveCfg = Debug|Any CPU
		{B829CF54-C719-4C1A-A0BF-F2933F117BAA}.Debug|Any CPU.Build.0 = Debug|Any CPU
		{B829CF54-C719-4C1A-A0BF-F2933F117BAA}.Release|Any CPU.ActiveCfg = Release|Any CPU
		{B829CF54-C719-4C1A-A0BF-F2933F117BAA}.Release|Any CPU.Build.0 = Release|Any CPU
		{2605BFF2-AB05-486E-AB09-111BF838100A}.Debug|Any CPU.ActiveCfg = Debug|Any CPU
		{2605BFF2-AB05-486E-AB09-111BF838100A}.Debug|Any CPU.Build.0 = Debug|Any CPU
		{2605BFF2-AB05-486E-AB09-111BF838100A}.Release|Any CPU.ActiveCfg = Release|Any CPU
		{2605BFF2-AB05-486E-AB09-111BF838100A}.Release|Any CPU.Build.0 = Release|Any CPU
		{0AD9217C-B684-488C-9516-63F7E6887531}.Debug|Any CPU.ActiveCfg = Debug|Any CPU
		{0AD9217C-B684-488C-9516-63F7E6887531}.Debug|Any CPU.Build.0 = Debug|Any CPU
		{0AD9217C-B684-488C-9516-63F7E6887531}.Release|Any CPU.ActiveCfg = Release|Any CPU
		{0AD9217C-B684-488C-9516-63F7E6887531}.Release|Any CPU.Build.0 = Release|Any CPU
		{0D948B15-2931-4AE9-BB0A-22A62E022A77}.Debug|Any CPU.ActiveCfg = Debug|Any CPU
		{0D948B15-2931-4AE9-BB0A-22A62E022A77}.Debug|Any CPU.Build.0 = Debug|Any CPU
		{0D948B15-2931-4AE9-BB0A-22A62E022A77}.Release|Any CPU.ActiveCfg = Release|Any CPU
		{0D948B15-2931-4AE9-BB0A-22A62E022A77}.Release|Any CPU.Build.0 = Release|Any CPU
		{660CB344-C165-47E8-9DF1-180965F497ED}.Debug|Any CPU.ActiveCfg = Debug|Any CPU
		{660CB344-C165-47E8-9DF1-180965F497ED}.Debug|Any CPU.Build.0 = Debug|Any CPU
		{660CB344-C165-47E8-9DF1-180965F497ED}.Release|Any CPU.ActiveCfg = Release|Any CPU
		{660CB344-C165-47E8-9DF1-180965F497ED}.Release|Any CPU.Build.0 = Release|Any CPU
		{6CA2F4E0-7C53-4F24-B4DE-101CF38E58D1}.Debug|Any CPU.ActiveCfg = Debug|Any CPU
		{6CA2F4E0-7C53-4F24-B4DE-101CF38E58D1}.Debug|Any CPU.Build.0 = Debug|Any CPU
		{6CA2F4E0-7C53-4F24-B4DE-101CF38E58D1}.Release|Any CPU.ActiveCfg = Release|Any CPU
		{6CA2F4E0-7C53-4F24-B4DE-101CF38E58D1}.Release|Any CPU.Build.0 = Release|Any CPU
		{3C725D22-7177-4D24-9D82-084F37B7115D}.Debug|Any CPU.ActiveCfg = Debug|Any CPU
		{3C725D22-7177-4D24-9D82-084F37B7115D}.Debug|Any CPU.Build.0 = Debug|Any CPU
		{3C725D22-7177-4D24-9D82-084F37B7115D}.Release|Any CPU.ActiveCfg = Release|Any CPU
		{3C725D22-7177-4D24-9D82-084F37B7115D}.Release|Any CPU.Build.0 = Release|Any CPU
	EndGlobalSection
	GlobalSection(SolutionProperties) = preSolution
		HideSolutionNode = FALSE
	EndGlobalSection
	GlobalSection(NestedProjects) = preSolution
		{3A1A9926-E47C-49B7-A373-77AD9F8267E7} = {8ADB1E8A-70C9-4182-9CA6-5D34038C403E}
		{F899533F-4062-45B9-AED2-876CFF42C9C5} = {3A1A9926-E47C-49B7-A373-77AD9F8267E7}
		{8B576A82-565E-42EB-B859-2B0226EC32D1} = {3A1A9926-E47C-49B7-A373-77AD9F8267E7}
		{7E430694-CAC8-4E7B-AEE9-20BD99427806} = {8ADB1E8A-70C9-4182-9CA6-5D34038C403E}
		{C1F90A39-C011-4858-B203-E2B518ABE367} = {7E430694-CAC8-4E7B-AEE9-20BD99427806}
		{398DE916-32E5-43E0-84E3-65CC78319AFB} = {C1F90A39-C011-4858-B203-E2B518ABE367}
		{BCDF0980-42F4-44EE-A919-AE5D78376C8C} = {C1F90A39-C011-4858-B203-E2B518ABE367}
		{15749A30-6B83-4A82-B47B-CF530A62117E} = {C1F90A39-C011-4858-B203-E2B518ABE367}
		{94DD455F-9B83-4157-8968-37F3755C5F0C} = {C1F90A39-C011-4858-B203-E2B518ABE367}
		{CF060FDD-5DB6-4FC7-BD9A-83E32E0E9C15} = {C1F90A39-C011-4858-B203-E2B518ABE367}
		{F054D7C4-8EF1-4E64-9C8A-20D5FD0FCAEB} = {C1F90A39-C011-4858-B203-E2B518ABE367}
		{38E5D63F-E327-4A25-8D82-7113061C925F} = {8ADB1E8A-70C9-4182-9CA6-5D34038C403E}
		{6AE9AC11-1CFB-49AF-86CB-6D25602DE9B4} = {38E5D63F-E327-4A25-8D82-7113061C925F}
		{AA3FD9C4-BB5A-4DC4-8574-E1D904BDFCEB} = {6AE9AC11-1CFB-49AF-86CB-6D25602DE9B4}
		{0BE7D1A3-DDB9-4BFA-A806-C4453409061E} = {6AE9AC11-1CFB-49AF-86CB-6D25602DE9B4}
		{335E36FD-9EC1-4ABD-8D9F-2587A4C65807} = {6AE9AC11-1CFB-49AF-86CB-6D25602DE9B4}
		{295FB173-EB73-4BAE-A2A6-FD5150E01457} = {6AE9AC11-1CFB-49AF-86CB-6D25602DE9B4}
		{448C0A04-483C-4FA9-8F0E-D5901F1D1AD5} = {6AE9AC11-1CFB-49AF-86CB-6D25602DE9B4}
		{4E8B7A0A-9E23-4993-A40B-35EBC4457BE0} = {6AE9AC11-1CFB-49AF-86CB-6D25602DE9B4}
		{20D9CD00-D9E6-4005-B702-866E0381D3A2} = {6AE9AC11-1CFB-49AF-86CB-6D25602DE9B4}
		{35D17634-99DF-4CB1-A1CA-458AD338F1B0} = {6AE9AC11-1CFB-49AF-86CB-6D25602DE9B4}
		{6A291733-DFF6-48AF-A73C-F5E3F3682634} = {6AE9AC11-1CFB-49AF-86CB-6D25602DE9B4}
		{75ECE9C0-CB88-4C6B-9DB1-07F9E1260D1E} = {6AE9AC11-1CFB-49AF-86CB-6D25602DE9B4}
		{B829CF54-C719-4C1A-A0BF-F2933F117BAA} = {6AE9AC11-1CFB-49AF-86CB-6D25602DE9B4}
		{2605BFF2-AB05-486E-AB09-111BF838100A} = {3A1A9926-E47C-49B7-A373-77AD9F8267E7}
		{039C0EED-71A3-4D62-B546-30F725A823B6} = {8ADB1E8A-70C9-4182-9CA6-5D34038C403E}
		{E817B41E-1819-490B-A07A-98C2907EC97D} = {039C0EED-71A3-4D62-B546-30F725A823B6}
		{0AD9217C-B684-488C-9516-63F7E6887531} = {E817B41E-1819-490B-A07A-98C2907EC97D}
		{0D948B15-2931-4AE9-BB0A-22A62E022A77} = {6AE9AC11-1CFB-49AF-86CB-6D25602DE9B4}
		{660CB344-C165-47E8-9DF1-180965F497ED} = {6AE9AC11-1CFB-49AF-86CB-6D25602DE9B4}
		{C2D4EC07-F4D9-4A96-A5F8-2E4F058ABEC9} = {8ADB1E8A-70C9-4182-9CA6-5D34038C403E}
		{4A1EC043-0056-4CC3-8EA8-16ED74486383} = {C2D4EC07-F4D9-4A96-A5F8-2E4F058ABEC9}
		{6CA2F4E0-7C53-4F24-B4DE-101CF38E58D1} = {4A1EC043-0056-4CC3-8EA8-16ED74486383}
		{3C725D22-7177-4D24-9D82-084F37B7115D} = {E817B41E-1819-490B-A07A-98C2907EC97D}
		{C7FD5396-BFEA-4955-AB61-03BA2DBD8732} = {039C0EED-71A3-4D62-B546-30F725A823B6}
	EndGlobalSection
	GlobalSection(ExtensibilityGlobals) = postSolution
		SolutionGuid = {277EE416-CD21-45A4-98BE-8C431904FB59}
	EndGlobalSection
EndGlobal
